<?xml version="1.0" encoding="utf-8"?>
<Project ToolsVersion="4.0" xmlns="http://schemas.microsoft.com/developer/msbuild/2003">
  <ItemGroup>
    <Filter Include="Quelldateien">
      <UniqueIdentifier>{4FC737F1-C7A5-4376-A066-2A32D752A2FF}</UniqueIdentifier>
      <Extensions>cpp;c;cc;cxx;c++;cppm;ixx;def;odl;idl;hpj;bat;asm;asmx</Extensions>
    </Filter>
    <Filter Include="Headerdateien">
      <UniqueIdentifier>{93995380-89BD-4b04-88EB-625FBE52EBFB}</UniqueIdentifier>
      <Extensions>h;hh;hpp;hxx;h++;hm;inl;inc;ipp;xsd</Extensions>
    </Filter>
    <Filter Include="Ressourcendateien">
      <UniqueIdentifier>{67DA6AB6-F800-4c08-8B7A-83BB121AAD01}</UniqueIdentifier>
      <Extensions>rc;ico;cur;bmp;dlg;rc2;rct;bin;rgs;gif;jpg;jpeg;jpe;resx;tiff;tif;png;wav;mfcribbon-ms</Extensions>
    </Filter>
    <Filter Include="Devices">
      <UniqueIdentifier>{19c2c15c-185e-45bc-8854-a17b2751a226}</UniqueIdentifier>
    </Filter>
  </ItemGroup>
  <ItemGroup>
    <ClCompile Include="..\devices\rtlsdr-handler\rtlsdr-handler.cpp">
      <Filter>Devices</Filter>
    </ClCompile>
    <ClCompile Include="..\main.cpp">
      <Filter>Quelldateien</Filter>
    </ClCompile>
    <ClCompile Include="..\eti-class.cpp">
      <Filter>Quelldateien</Filter>
    </ClCompile>
    <ClCompile Include="..\src\support\fft.cpp">
      <Filter>Quelldateien</Filter>
    </ClCompile>
    <ClCompile Include="..\src\support\band-handler.cpp">
      <Filter>Quelldateien</Filter>
    </ClCompile>
    <ClCompile Include="..\src\support\dab-params.cpp">
      <Filter>Quelldateien</Filter>
    </ClCompile>
    <ClCompile Include="..\src\ofdm\phasetable.cpp">
      <Filter>Quelldateien</Filter>
    </ClCompile>
    <ClCompile Include="..\src\ofdm\freq-interleaver.cpp">
      <Filter>Quelldateien</Filter>
    </ClCompile>
    <ClCompile Include="..\src\ofdm\ofdm-processor.cpp">
      <Filter>Quelldateien</Filter>
    </ClCompile>
    <ClCompile Include="..\src\ofdm\phasereference.cpp">
      <Filter>Quelldateien</Filter>
    </ClCompile>
    <ClCompile Include="..\src\eti-handling\eep-protection.cpp">
      <Filter>Quelldateien</Filter>
    </ClCompile>
    <ClCompile Include="..\src\eti-handling\eti-generator.cpp">
      <Filter>Quelldateien</Filter>
    </ClCompile>
    <ClCompile Include="..\src\eti-handling\fib-processor.cpp">
      <Filter>Quelldateien</Filter>
    </ClCompile>
    <ClCompile Include="..\src\eti-handling\fic-handler.cpp">
      <Filter>Quelldateien</Filter>
    </ClCompile>
    <ClCompile Include="..\src\eti-handling\protection.cpp">
      <Filter>Quelldateien</Filter>
    </ClCompile>
    <ClCompile Include="..\src\eti-handling\protTables.cpp">
      <Filter>Quelldateien</Filter>
    </ClCompile>
    <ClCompile Include="..\src\eti-handling\semaphore.cpp">
      <Filter>Quelldateien</Filter>
    </ClCompile>
    <ClCompile Include="..\src\eti-handling\uep-protection.cpp">
      <Filter>Quelldateien</Filter>
    </ClCompile>
    <ClCompile Include="..\src\eti-handling\viterbi-handler.cpp">
      <Filter>Quelldateien</Filter>
    </ClCompile>
    <ClCompile Include="..\src\eti-handling\charsets.cpp">
      <Filter>Quelldateien</Filter>
    </ClCompile>
    <ClCompile Include="..\src\eti-handling\viterbi-spiral\viterbi-spiral.cpp">
      <Filter>Quelldateien</Filter>
    </ClCompile>
    <ClCompile Include="..\src\eti-handling\viterbi-spiral\spiral-no-sse.c">
      <Filter>Quelldateien</Filter>
    </ClCompile>
    <ClCompile Include="..\src\eti-handling\viterbi-spiral\spiral-sse.c">
      <Filter>Quelldateien</Filter>
    </ClCompile>
    <ClCompile Include="..\devices\device-handler.cpp">
      <Filter>Quelldateien</Filter>
    </ClCompile>
  </ItemGroup>
  <ItemGroup>
    <ClInclude Include="..\devices\rtlsdr-handler\rtlsdr-handler.h">
      <Filter>Headerdateien</Filter>
    </ClInclude>
    <ClInclude Include="..\includes\dab-constants.h">
      <Filter>Headerdateien</Filter>
    </ClInclude>
    <ClInclude Include="..\includes\support\semaphore.h">
      <Filter>Headerdateien</Filter>
    </ClInclude>
    <ClInclude Include="..\includes\support\band-handler.h">
      <Filter>Headerdateien</Filter>
    </ClInclude>
    <ClInclude Include="..\includes\support\dab-params.h">
      <Filter>Headerdateien</Filter>
    </ClInclude>
    <ClInclude Include="..\includes\support\fft.h">
      <Filter>Headerdateien</Filter>
    </ClInclude>
    <ClInclude Include="..\includes\support\ringbuffer.h">
      <Filter>Headerdateien</Filter>
    </ClInclude>
    <ClInclude Include="..\includes\ofdm\phasetable.h">
      <Filter>Headerdateien</Filter>
    </ClInclude>
    <ClInclude Include="..\includes\ofdm\freq-interleaver.h">
      <Filter>Headerdateien</Filter>
    </ClInclude>
    <ClInclude Include="..\includes\ofdm\ofdm-processor.h">
      <Filter>Headerdateien</Filter>
    </ClInclude>
    <ClInclude Include="..\includes\ofdm\phasereference.h">
      <Filter>Headerdateien</Filter>
    </ClInclude>
    <ClInclude Include="..\includes\eti-handling\viterbi-spiral\viterbi-spiral.h">
      <Filter>Headerdateien</Filter>
    </ClInclude>
    <ClInclude Include="..\includes\eti-handling\dab_tables.h">
      <Filter>Headerdateien</Filter>
    </ClInclude>
    <ClInclude Include="..\includes\eti-handling\eep-protection.h">
      <Filter>Headerdateien</Filter>
    </ClInclude>
    <ClInclude Include="..\includes\eti-handling\eti-generator.h">
      <Filter>Headerdateien</Filter>
    </ClInclude>
    <ClInclude Include="..\includes\eti-handling\fib-processor.h">
      <Filter>Headerdateien</Filter>
    </ClInclude>
    <ClInclude Include="..\includes\eti-handling\fic-handler.h">
      <Filter>Headerdateien</Filter>
    </ClInclude>
    <ClInclude Include="..\includes\eti-handling\mm_malloc.h">
      <Filter>Headerdateien</Filter>
    </ClInclude>
    <ClInclude Include="..\includes\eti-handling\parity.h">
      <Filter>Headerdateien</Filter>
    </ClInclude>
    <ClInclude Include="..\includes\eti-handling\protection.h">
      <Filter>Headerdateien</Filter>
    </ClInclude>
    <ClInclude Include="..\includes\eti-handling\protTables.h">
      <Filter>Headerdateien</Filter>
    </ClInclude>
    <ClInclude Include="..\includes\eti-handling\semaphore.h">
      <Filter>Headerdateien</Filter>
    </ClInclude>
    <ClInclude Include="..\includes\eti-handling\uep-protection.h">
      <Filter>Headerdateien</Filter>
    </ClInclude>
    <ClInclude Include="..\includes\eti-handling\viterbi-handler.h">
      <Filter>Headerdateien</Filter>
    </ClInclude>
    <ClInclude Include="..\includes\eti-handling\charsets.h">
      <Filter>Headerdateien</Filter>
    </ClInclude>
    <ClInclude Include="..\eti-class.h">
      <Filter>Headerdateien</Filter>
    </ClInclude>
    <ClInclude Include="..\callback-types.h">
      <Filter>Headerdateien</Filter>
    </ClInclude>
    <ClInclude Include="..\devices\device-handler.h">
      <Filter>Headerdateien</Filter>
    </ClInclude>
  </ItemGroup>
</Project>