
Microsoft Visual Studio Solution File, Format Version 12.00
# Visual Studio Version 16
VisualStudioVersion = 16.0.31424.327
MinimumVisualStudioVersion = 10.0.40219.1
Project("{8BC9CEB8-8B4A-11D0-8D11-00A0C91BC942}") = "eti-cmdline", "eti-cmdline.vcxproj", "{888CBB45-77BB-40A1-B056-60D12D3841AA}"
EndProject
Global
	GlobalSection(SolutionConfigurationPlatforms) = preSolution
		Debug|x64 = Debug|x64
		Debug|x86 = Debug|x86
		Release|x64 = Release|x64
		Release|x86 = Release|x86
	EndGlobalSection
	GlobalSection(ProjectConfigurationPlatforms) = postSolution
		{888CBB45-77BB-40A1-B056-60D12D3841AA}.Debug|x64.ActiveCfg = Debug|x64
		{888CBB45-77BB-40A1-B056-60D12D3841AA}.Debug|x64.Build.0 = Debug|x64
		{888CBB45-77BB-40A1-B056-60D12D3841AA}.Debug|x86.ActiveCfg = Debug|Win32
		{888CBB45-77BB-40A1-B056-60D12D3841AA}.Debug|x86.Build.0 = Debug|Win32
		{888CBB45-77BB-40A1-B056-60D12D3841AA}.Release|x64.ActiveCfg = Release|x64
		{888CBB45-77BB-40A1-B056-60D12D3841AA}.Release|x64.Build.0 = Release|x64
		{888CBB45-77BB-40A1-B056-60D12D3841AA}.Release|x86.ActiveCfg = Release|Win32
		{888CBB45-77BB-40A1-B056-60D12D3841AA}.Release|x86.Build.0 = Release|Win32
	EndGlobalSection
	GlobalSection(SolutionProperties) = preSolution
		HideSolutionNode = FALSE
	EndGlobalSection
	GlobalSection(ExtensibilityGlobals) = postSolution
		SolutionGuid = {F65564CE-1A4B-4CCF-9786-874E0A091588}
	EndGlobalSection
EndGlobal
